// !$*UTF8*$!
{
	archiveVersion = 1;
	classes = {
	};
	objectVersion = 50;
	objects = {

/* Begin PBXBuildFile section */
		26C84A4C24DC1AC000EB9E46 /* AppDelegate.swift in Sources */ = {isa = PBXBuildFile; fileRef = 26C84A4B24DC1AC000EB9E46 /* AppDelegate.swift */; };
		26C84A4E24DC1AC000EB9E46 /* SceneDelegate.swift in Sources */ = {isa = PBXBuildFile; fileRef = 26C84A4D24DC1AC000EB9E46 /* SceneDelegate.swift */; };
		26C84A5024DC1AC000EB9E46 /* ContentView.swift in Sources */ = {isa = PBXBuildFile; fileRef = 26C84A4F24DC1AC000EB9E46 /* ContentView.swift */; };
		26C84A5224DC1AC300EB9E46 /* Assets.xcassets in Resources */ = {isa = PBXBuildFile; fileRef = 26C84A5124DC1AC300EB9E46 /* Assets.xcassets */; };
		26C84A5524DC1AC300EB9E46 /* Preview Assets.xcassets in Resources */ = {isa = PBXBuildFile; fileRef = 26C84A5424DC1AC300EB9E46 /* Preview Assets.xcassets */; };
		26C84A5824DC1AC300EB9E46 /* LaunchScreen.storyboard in Resources */ = {isa = PBXBuildFile; fileRef = 26C84A5624DC1AC300EB9E46 /* LaunchScreen.storyboard */; };
/* End PBXBuildFile section */

/* Begin PBXFileReference section */
		26C84A4824DC1AC000EB9E46 /* ContactViewWithSwiftUI.app */ = {isa = PBXFileReference; explicitFileType = wrapper.application; includeInIndex = 0; path = ContactViewWithSwiftUI.app; sourceTree = BUILT_PRODUCTS_DIR; };
		26C84A4B24DC1AC000EB9E46 /* AppDelegate.swift */ = {isa = PBXFileReference; lastKnownFileType = sourcecode.swift; path = AppDelegate.swift; sourceTree = "<group>"; };
		26C84A4D24DC1AC000EB9E46 /* SceneDelegate.swift */ = {isa = PBXFileReference; lastKnownFileType = sourcecode.swift; path = SceneDelegate.swift; sourceTree = "<group>"; };
		26C84A4F24DC1AC000EB9E46 /* ContentView.swift */ = {isa = PBXFileReference; lastKnownFileType = sourcecode.swift; path = ContentView.swift; sourceTree = "<group>"; };
		26C84A5124DC1AC300EB9E46 /* Assets.xcassets */ = {isa = PBXFileReference; lastKnownFileType = folder.assetcatalog; path = Assets.xcassets; sourceTree = "<group>"; };
		26C84A5424DC1AC300EB9E46 /* Preview Assets.xcassets */ = {isa = PBXFileReference; lastKnownFileType = folder.assetcatalog; path = "Preview Assets.xcassets"; sourceTree = "<group>"; };
		26C84A5724DC1AC300EB9E46 /* Base */ = {isa = PBXFileReference; lastKnownFileType = file.storyboard; name = Base; path = Base.lproj/LaunchScreen.storyboard; sourceTree = "<group>"; };
		26C84A5924DC1AC300EB9E46 /* Info.plist */ = {isa = PBXFileReference; lastKnownFileType = text.plist.xml; path = Info.plist; sourceTree = "<group>"; };
/* End PBXFileReference section */

/* Begin PBXFrameworksBuildPhase section */
		26C84A4524DC1AC000EB9E46 /* Frameworks */ = {
			isa = PBXFrameworksBuildPhase;
			buildActionMask = 2147483647;
			files = (
			);
			runOnlyForDeploymentPostprocessing = 0;
		};
/* End PBXFrameworksBuildPhase section */

/* Begin PBXGroup section */
		26C84A3F24DC1AC000EB9E46 = {
			isa = PBXGroup;
			children = (
				26C84A4A24DC1AC000EB9E46 /* ContactViewWithSwiftUI */,
				26C84A4924DC1AC000EB9E46 /* Products */,
			);
			sourceTree = "<group>";
		};
		26C84A4924DC1AC000EB9E46 /* Products */ = {
			isa = PBXGroup;
			children = (
				26C84A4824DC1AC000EB9E46 /* ContactViewWithSwiftUI.app */,
			);
			name = Products;
			sourceTree = "<group>";
		};
		26C84A4A24DC1AC000EB9E46 /* ContactViewWithSwiftUI */ = {
			isa = PBXGroup;
			children = (
				26C84A4B24DC1AC000EB9E46 /* AppDelegate.swift */,
				26C84A4D24DC1AC000EB9E46 /* SceneDelegate.swift */,
				26C84A4F24DC1AC000EB9E46 /* ContentView.swift */,
				26C84A5124DC1AC300EB9E46 /* Assets.xcassets */,
				26C84A5624DC1AC300EB9E46 /* LaunchScreen.storyboard */,
				26C84A5924DC1AC300EB9E46 /* Info.plist */,
				26C84A5324DC1AC300EB9E46 /* Preview Content */,
			);
			path = ContactViewWithSwiftUI;
			sourceTree = "<group>";
		};
		26C84A5324DC1AC300EB9E46 /* Preview Content */ = {
			isa = PBXGroup;
			children = (
				26C84A5424DC1AC300EB9E46 /* Preview Assets.xcassets */,
			);
			path = "Preview Content";
			sourceTree = "<group>";
		};
/* End PBXGroup section */

/* Begin PBXNativeTarget section */
		26C84A4724DC1AC000EB9E46 /* ContactViewWithSwiftUI */ = {
			isa = PBXNativeTarget;
			buildConfigurationList = 26C84A5C24DC1AC300EB9E46 /* Build configuration list for PBXNativeTarget "ContactViewWithSwiftUI" */;
			buildPhases = (
				26C84A4424DC1AC000EB9E46 /* Sources */,
				26C84A4524DC1AC000EB9E46 /* Frameworks */,
				26C84A4624DC1AC000EB9E46 /* Resources */,
			);
			buildRules = (
			);
			dependencies = (
			);
			name = ContactViewWithSwiftUI;
			productName = ContactViewWithSwiftUI;
			productReference = 26C84A4824DC1AC000EB9E46 /* ContactViewWithSwiftUI.app */;
			productType = "com.apple.product-type.application";
		};
/* End PBXNativeTarget section */

/* Begin PBXProject section */
		26C84A4024DC1AC000EB9E46 /* Project object */ = {
			isa = PBXProject;
			attributes = {
				LastSwiftUpdateCheck = 1150;
				LastUpgradeCheck = 1150;
				ORGANIZATIONNAME = "Ritik Srivastava";
				TargetAttributes = {
					26C84A4724DC1AC000EB9E46 = {
						CreatedOnToolsVersion = 11.5;
					};
				};
			};
			buildConfigurationList = 26C84A4324DC1AC000EB9E46 /* Build configuration list for PBXProject "ContactViewWithSwiftUI" */;
			compatibilityVersion = "Xcode 9.3";
			developmentRegion = en;
			hasScannedForEncodings = 0;
			knownRegions = (
				en,
				Base,
			);
			mainGroup = 26C84A3F24DC1AC000EB9E46;
			productRefGroup = 26C84A4924DC1AC000EB9E46 /* Products */;
			projectDirPath = "";
			projectRoot = "";
			targets = (
				26C84A4724DC1AC000EB9E46 /* ContactViewWithSwiftUI */,
			);
		};
/* End PBXProject section */

/* Begin PBXResourcesBuildPhase section */
		26C84A4624DC1AC000EB9E46 /* Resources */ = {
			isa = PBXResourcesBuildPhase;
			buildActionMask = 2147483647;
			files = (
				26C84A5824DC1AC300EB9E46 /* LaunchScreen.storyboard in Resources */,
				26C84A5524DC1AC300EB9E46 /* Preview Assets.xcassets in Resources */,
				26C84A5224DC1AC300EB9E46 /* Assets.xcassets in Resources */,
			);
			runOnlyForDeploymentPostprocessing = 0;
		};
/* End PBXResourcesBuildPhase section */

/* Begin PBXSourcesBuildPhase section */
		26C84A4424DC1AC000EB9E46 /* Sources */ = {
			isa = PBXSourcesBuildPhase;
			buildActionMask = 2147483647;
			files = (
				26C84A4C24DC1AC000EB9E46 /* AppDelegate.swift in Sources */,
				26C84A4E24DC1AC000EB9E46 /* SceneDelegate.swift in Sources */,
				26C84A5024DC1AC000EB9E46 /* ContentView.swift in Sources */,
			);
			runOnlyForDeploymentPostprocessing = 0;
		};
/* End PBXSourcesBuildPhase section */

/* Begin PBXVariantGroup section */
		26C84A5624DC1AC300EB9E46 /* LaunchScreen.storyboard */ = {
			isa = PBXVariantGroup;
			children = (
				26C84A5724DC1AC300EB9E46 /* Base */,
			);
			name = LaunchScreen.storyboard;
			sourceTree = "<group>";
		};
/* End PBXVariantGroup section */

/* Begin XCBuildConfiguration section */
		26C84A5A24DC1AC300EB9E46 /* Debug */ = {
			isa = XCBuildConfiguration;
			buildSettings = {
				ALWAYS_SEARCH_USER_PATHS = NO;
				CLANG_ANALYZER_NONNULL = YES;
				CLANG_ANALYZER_NUMBER_OBJECT_CONVERSION = YES_AGGRESSIVE;
				CLANG_CXX_LANGUAGE_STANDARD = "gnu++14";
				CLANG_CXX_LIBRARY = "libc++";
				CLANG_ENABLE_MODULES = YES;
				CLANG_ENABLE_OBJC_ARC = YES;
				CLANG_ENABLE_OBJC_WEAK = YES;
				CLANG_WARN_BLOCK_CAPTURE_AUTORELEASING = YES;
				CLANG_WARN_BOOL_CONVERSION = YES;
				CLANG_WARN_COMMA = YES;
				CLANG_WARN_CONSTANT_CONVERSION = YES;
				CLANG_WARN_DEPRECATED_OBJC_IMPLEMENTATIONS = YES;
				CLANG_WARN_DIRECT_OBJC_ISA_USAGE = YES_ERROR;
				CLANG_WARN_DOCUMENTATION_COMMENTS = YES;
				CLANG_WARN_EMPTY_BODY = YES;
				CLANG_WARN_ENUM_CONVERSION = YES;
				CLANG_WARN_INFINITE_RECURSION = YES;
				CLANG_WARN_INT_CONVERSION = YES;
				CLANG_WARN_NON_LITERAL_NULL_CONVERSION = YES;
				CLANG_WARN_OBJC_IMPLICIT_RETAIN_SELF = YES;
				CLANG_WARN_OBJC_LITERAL_CONVERSION = YES;
				CLANG_WARN_OBJC_ROOT_CLASS = YES_ERROR;
				CLANG_WARN_RANGE_LOOP_ANALYSIS = YES;
				CLANG_WARN_STRICT_PROTOTYPES = YES;
				CLANG_WARN_SUSPICIOUS_MOVE = YES;
				CLANG_WARN_UNGUARDED_AVAILABILITY = YES_AGGRESSIVE;
				CLANG_WARN_UNREACHABLE_CODE = YES;
				CLANG_WARN__DUPLICATE_METHOD_MATCH = YES;
				COPY_PHASE_STRIP = NO;
				DEBUG_INFORMATION_FORMAT = dwarf;
				ENABLE_STRICT_OBJC_MSGSEND = YES;
				ENABLE_TESTABILITY = YES;
				GCC_C_LANGUAGE_STANDARD = gnu11;
				GCC_DYNAMIC_NO_PIC = NO;
				GCC_NO_COMMON_BLOCKS = YES;
				GCC_OPTIMIZATION_LEVEL = 0;
				GCC_PREPROCESSOR_DEFINITIONS = (
					"DEBUG=1",
					"$(inherited)",
				);
				GCC_WARN_64_TO_32_BIT_CONVERSION = YES;
				GCC_WARN_ABOUT_RETURN_TYPE = YES_ERROR;
				GCC_WARN_UNDECLARED_SELECTOR = YES;
				GCC_WARN_UNINITIALIZED_AUTOS = YES_AGGRESSIVE;
				GCC_WARN_UNUSED_FUNCTION = YES;
				GCC_WARN_UNUSED_VARIABLE = YES;
				IPHONEOS_DEPLOYMENT_TARGET = 13.5;
				MTL_ENABLE_DEBUG_INFO = INCLUDE_SOURCE;
				MTL_FAST_MATH = YES;
				ONLY_ACTIVE_ARCH = YES;
				SDKROOT = iphoneos;
				SWIFT_ACTIVE_COMPILATION_CONDITIONS = DEBUG;
				SWIFT_OPTIMIZATION_LEVEL = "-Onone";
			};
			name = Debug;
		};
		26C84A5B24DC1AC300EB9E46 /* Release */ = {
			isa = XCBuildConfiguration;
			buildSettings = {
				ALWAYS_SEARCH_USER_PATHS = NO;
				CLANG_ANALYZER_NONNULL = YES;
				CLANG_ANALYZER_NUMBER_OBJECT_CONVERSION = YES_AGGRESSIVE;
				CLANG_CXX_LANGUAGE_STANDARD = "gnu++14";
				CLANG_CXX_LIBRARY = "libc++";
				CLANG_ENABLE_MODULES = YES;
				CLANG_ENABLE_OBJC_ARC = YES;
				CLANG_ENABLE_OBJC_WEAK = YES;
				CLANG_WARN_BLOCK_CAPTURE_AUTORELEASING = YES;
				CLANG_WARN_BOOL_CONVERSION = YES;
				CLANG_WARN_COMMA = YES;
				CLANG_WARN_CONSTANT_CONVERSION = YES;
				CLANG_WARN_DEPRECATED_OBJC_IMPLEMENTATIONS = YES;
				CLANG_WARN_DIRECT_OBJC_ISA_USAGE = YES_ERROR;
				CLANG_WARN_DOCUMENTATION_COMMENTS = YES;
				CLANG_WARN_EMPTY_BODY = YES;
				CLANG_WARN_ENUM_CONVERSION = YES;
				CLANG_WARN_INFINITE_RECURSION = YES;
				CLANG_WARN_INT_CONVERSION = YES;
				CLANG_WARN_NON_LITERAL_NULL_CONVERSION = YES;
				CLANG_WARN_OBJC_IMPLICIT_RETAIN_SELF = YES;
				CLANG_WARN_OBJC_LITERAL_CONVERSION = YES;
				CLANG_WARN_OBJC_ROOT_CLASS = YES_ERROR;
				CLANG_WARN_RANGE_LOOP_ANALYSIS = YES;
				CLANG_WARN_STRICT_PROTOTYPES = YES;
				CLANG_WARN_SUSPICIOUS_MOVE = YES;
				CLANG_WARN_UNGUARDED_AVAILABILITY = YES_AGGRESSIVE;
				CLANG_WARN_UNREACHABLE_CODE = YES;
				CLANG_WARN__DUPLICATE_METHOD_MATCH = YES;
				COPY_PHASE_STRIP = NO;
				DEBUG_INFORMATION_FORMAT = "dwarf-with-dsym";
				ENABLE_NS_ASSERTIONS = NO;
				ENABLE_STRICT_OBJC_MSGSEND = YES;
				GCC_C_LANGUAGE_STANDARD = gnu11;
				GCC_NO_COMMON_BLOCKS = YES;
				GCC_WARN_64_TO_32_BIT_CONVERSION = YES;
				GCC_WARN_ABOUT_RETURN_TYPE = YES_ERROR;
				GCC_WARN_UNDECLARED_SELECTOR = YES;
				GCC_WARN_UNINITIALIZED_AUTOS = YES_AGGRESSIVE;
				GCC_WARN_UNUSED_FUNCTION = YES;
				GCC_WARN_UNUSED_VARIABLE = YES;
				IPHONEOS_DEPLOYMENT_TARGET = 13.5;
				MTL_ENABLE_DEBUG_INFO = NO;
				MTL_FAST_MATH = YES;
				SDKROOT = iphoneos;
				SWIFT_COMPILATION_MODE = wholemodule;
				SWIFT_OPTIMIZATION_LEVEL = "-O";
				VALIDATE_PRODUCT = YES;
			};
			name = Release;
		};
		26C84A5D24DC1AC300EB9E46 /* Debug */ = {
			isa = XCBuildConfiguration;
			buildSettings = {
				ASSETCATALOG_COMPILER_APPICON_NAME = AppIcon;
				CODE_SIGN_STYLE = Automatic;
				DEVELOPMENT_ASSET_PATHS = "\"ContactViewWithSwiftUI/Preview Content\"";
				ENABLE_PREVIEWS = YES;
				INFOPLIST_FILE = ContactViewWithSwiftUI/Info.plist;
				LD_RUNPATH_SEARCH_PATHS = (
					"$(inherited)",
					"@executable_path/Frameworks",
				);
				PRODUCT_BUNDLE_IDENTIFIER = com.alexanderritik.ContactViewWithSwiftUI;
				PRODUCT_NAME = "$(TARGET_NAME)";
				SWIFT_VERSION = 5.0;
				TARGETED_DEVICE_FAMILY = "1,2";
			};
			name = Debug;
		};
		26C84A5E24DC1AC300EB9E46 /* Release */ = {
			isa = XCBuildConfiguration;
			buildSettings = {
				ASSETCATALOG_COMPILER_APPICON_NAME = AppIcon;
				CODE_SIGN_STYLE = Automatic;
				DEVELOPMENT_ASSET_PATHS = "\"ContactViewWithSwiftUI/Preview Content\"";
				ENABLE_PREVIEWS = YES;
				INFOPLIST_FILE = ContactViewWithSwiftUI/Info.plist;
				LD_RUNPATH_SEARCH_PATHS = (
					"$(inherited)",
					"@executable_path/Frameworks",
				);
				PRODUCT_BUNDLE_IDENTIFIER = com.alexanderritik.ContactViewWithSwiftUI;
				PRODUCT_NAME = "$(TARGET_NAME)";
				SWIFT_VERSION = 5.0;
				TARGETED_DEVICE_FAMILY = "1,2";
			};
			name = Release;
		};
/* End XCBuildConfiguration section */

/* Begin XCConfigurationList section */
		26C84A4324DC1AC000EB9E46 /* Build configuration list for PBXProject "ContactViewWithSwiftUI" */ = {
			isa = XCConfigurationList;
			buildConfigurations = (
				26C84A5A24DC1AC300EB9E46 /* Debug */,
				26C84A5B24DC1AC300EB9E46 /* Release */,
			);
			defaultConfigurationIsVisible = 0;
			defaultConfigurationName = Release;
		};
		26C84A5C24DC1AC300EB9E46 /* Build configuration list for PBXNativeTarget "ContactViewWithSwiftUI" */ = {
			isa = XCConfigurationList;
			buildConfigurations = (
				26C84A5D24DC1AC300EB9E46 /* Debug */,
				26C84A5E24DC1AC300EB9E46 /* Release */,
			);
			defaultConfigurationIsVisible = 0;
			defaultConfigurationName = Release;
		};
/* End XCConfigurationList section */
	};
	rootObject = 26C84A4024DC1AC000EB9E46 /* Project object */;
}
